uuid: 482c384c-ac7e-4059-80cc-3bd688b18f14
langcode: en-gb
status: true
dependencies:
  module:
    - weather_widget
  theme:
    - olivero
id: olivero_weatherforecastblock
theme: olivero
region: sidebar
weight: 0
provider: null
plugin: weather_widget_block
settings:
  id: weather_widget_block
  label: 'Weather Forecast Block'
  label_display: visible
  provider: weather_widget
  city: Indore
  unit: imperial
  theme: light
visibility: {  }
